
Microsoft Visual Studio Solution File, Format Version 12.00
# Visual Studio Version 17
VisualStudioVersion = 17.0.32014.148
MinimumVisualStudioVersion = 10.0.40219.1
Project("{FAE04EC0-301F-11D3-BF4B-00C04F79EFBC}") = "TicTacToe", "TicTacToe\TicTacToe.csproj", "{3A99868E-3DD4-41D7-9104-943E0992886D}"
EndProject
Project("{FAE04EC0-301F-11D3-BF4B-00C04F79EFBC}") = "TicTacToeTests", "TicTacToeTests\TicTacToeTests.csproj", "{578E3215-49B3-48E3-86D3-CB0208524AF7}"
EndProject
Global
	GlobalSection(SolutionConfigurationPlatforms) = preSolution
		Debug|Any CPU = Debug|Any CPU
		Release|Any CPU = Release|Any CPU
	EndGlobalSection
	GlobalSection(ProjectConfigurationPlatforms) = postSolution
		{3A99868E-3DD4-41D7-9104-943E0992886D}.Debug|Any CPU.ActiveCfg = Debug|Any CPU
		{3A99868E-3DD4-41D7-9104-943E0992886D}.Debug|Any CPU.Build.0 = Debug|Any CPU
		{3A99868E-3DD4-41D7-9104-943E0992886D}.Release|Any CPU.ActiveCfg = Release|Any CPU
		{3A99868E-3DD4-41D7-9104-943E0992886D}.Release|Any CPU.Build.0 = Release|Any CPU
		{578E3215-49B3-48E3-86D3-CB0208524AF7}.Debug|Any CPU.ActiveCfg = Debug|Any CPU
		{578E3215-49B3-48E3-86D3-CB0208524AF7}.Debug|Any CPU.Build.0 = Debug|Any CPU
		{578E3215-49B3-48E3-86D3-CB0208524AF7}.Release|Any CPU.ActiveCfg = Release|Any CPU
		{578E3215-49B3-48E3-86D3-CB0208524AF7}.Release|Any CPU.Build.0 = Release|Any CPU
	EndGlobalSection
	GlobalSection(SolutionProperties) = preSolution
		HideSolutionNode = FALSE
	EndGlobalSection
	GlobalSection(ExtensibilityGlobals) = postSolution
		SolutionGuid = {F00BE6EA-0622-4A36-BF26-EDF42E908DC8}
	EndGlobalSection
EndGlobal
